
Microsoft Visual Studio Solution File, Format Version 12.00
# Visual Studio Version 17
VisualStudioVersion = 17.6.33712.159
MinimumVisualStudioVersion = 10.0.40219.1
Project("{9A19103F-16F7-4668-BE54-9A1E7A4F7556}") = "BGC.SearchApi", "BGC.SearchApi\BGC.SearchApi.csproj", "{13870AB1-E03F-442C-ADF3-6BC588A959E6}"
EndProject
Project("{9A19103F-16F7-4668-BE54-9A1E7A4F7556}") = "BGC.SearchApi.UnitTests", "BGC.SearchApi.UnitTests\BGC.SearchApi.UnitTests.csproj", "{BDB8947C-6470-4C43-962F-C3721CF95100}"
EndProject
Global
	GlobalSection(SolutionConfigurationPlatforms) = preSolution
		Debug|Any CPU = Debug|Any CPU
		Release|Any CPU = Release|Any CPU
	EndGlobalSection
	GlobalSection(ProjectConfigurationPlatforms) = postSolution
		{13870AB1-E03F-442C-ADF3-6BC588A959E6}.Debug|Any CPU.ActiveCfg = Debug|Any CPU
		{13870AB1-E03F-442C-ADF3-6BC588A959E6}.Debug|Any CPU.Build.0 = Debug|Any CPU
		{13870AB1-E03F-442C-ADF3-6BC588A959E6}.Release|Any CPU.ActiveCfg = Release|Any CPU
		{13870AB1-E03F-442C-ADF3-6BC588A959E6}.Release|Any CPU.Build.0 = Release|Any CPU
		{BDB8947C-6470-4C43-962F-C3721CF95100}.Debug|Any CPU.ActiveCfg = Debug|Any CPU
		{BDB8947C-6470-4C43-962F-C3721CF95100}.Debug|Any CPU.Build.0 = Debug|Any CPU
		{BDB8947C-6470-4C43-962F-C3721CF95100}.Release|Any CPU.ActiveCfg = Release|Any CPU
		{BDB8947C-6470-4C43-962F-C3721CF95100}.Release|Any CPU.Build.0 = Release|Any CPU
	EndGlobalSection
	GlobalSection(SolutionProperties) = preSolution
		HideSolutionNode = FALSE
	EndGlobalSection
	GlobalSection(ExtensibilityGlobals) = postSolution
		SolutionGuid = {DE80E511-B023-4552-9BB4-B9CD8F2AE2FE}
	EndGlobalSection
EndGlobal
